[root]
name = "image_fft"
version = "0.1.0"
dependencies = [
 "gnuplot 0.0.23 (registry+https://github.com/rust-lang/crates.io-index)",
 "rustfft 2.0.0 (registry+https://github.com/rust-lang/crates.io-index)",
]

[[package]]
name = "gnuplot"
version = "0.0.23"
source = "registry+https://github.com/rust-lang/crates.io-index"

[[package]]
name = "num-complex"
version = "0.1.40"
source = "registry+https://github.com/rust-lang/crates.io-index"
dependencies = [
 "num-traits 0.1.40 (registry+https://github.com/rust-lang/crates.io-index)",
 "rustc-serialize 0.3.24 (registry+https://github.com/rust-lang/crates.io-index)",
]

[[package]]
name = "num-traits"
version = "0.1.40"
source = "registry+https://github.com/rust-lang/crates.io-index"

[[package]]
name = "rustc-serialize"
version = "0.3.24"
source = "registry+https://github.com/rust-lang/crates.io-index"

[[package]]
name = "rustfft"
version = "2.0.0"
source = "registry+https://github.com/rust-lang/crates.io-index"
dependencies = [
 "num-complex 0.1.40 (registry+https://github.com/rust-lang/crates.io-index)",
 "num-traits 0.1.40 (registry+https://github.com/rust-lang/crates.io-index)",
]

[metadata]
"checksum gnuplot 0.0.23 (registry+https://github.com/rust-lang/crates.io-index)" = "113c1bc22814fdb24d1c23753dfd65349c837faf230fc5509dadb1ae1cfd5548"
"checksum num-complex 0.1.40 (registry+https://github.com/rust-lang/crates.io-index)" = "503e668405c5492d67cf662a81e05be40efe2e6bcf10f7794a07bd9865e704e6"
"checksum num-traits 0.1.40 (registry+https://github.com/rust-lang/crates.io-index)" = "99843c856d68d8b4313b03a17e33c4bb42ae8f6610ea81b28abe076ac721b9b0"
"checksum rustc-serialize 0.3.24 (registry+https://github.com/rust-lang/crates.io-index)" = "dcf128d1287d2ea9d80910b5f1120d0b8eede3fbf1abe91c40d39ea7d51e6fda"
"checksum rustfft 2.0.0 (registry+https://github.com/rust-lang/crates.io-index)" = "7dc03728f9f3b5d4cacdaecee2ad9d3da56f8089b7f6b4edfac435afc90bcbec"
